<?xml version="1.0" encoding="UTF-8"?>
<!DOCTYPE plist PUBLIC "-//Apple//DTD PLIST 1.0//EN" "http://www.apple.com/DTDs/PropertyList-1.0.dtd">
<plist version="1.0">
<dict>
	<key>archiveVersion</key>
	<string>1</string>
	<key>classes</key>
	<dict/>
	<key>objectVersion</key>
	<string>46</string>
	<key>objects</key>
	<dict>
		<key>1FC8C3CB766E497C83FA96EB</key>
		<dict>
			<key>buildActionMask</key>
			<string>2147483647</string>
			<key>files</key>
			<array/>
			<key>inputPaths</key>
			<array/>
			<key>isa</key>
			<string>PBXShellScriptBuildPhase</string>
			<key>name</key>
			<string>Check Pods Manifest.lock</string>
			<key>outputPaths</key>
			<array/>
			<key>runOnlyForDeploymentPostprocessing</key>
			<string>0</string>
			<key>shellPath</key>
			<string>/bin/sh</string>
			<key>shellScript</key>
			<string>diff "${PODS_ROOT}/../Podfile.lock" "${PODS_ROOT}/Manifest.lock" &gt; /dev/null
if [[ $? != 0 ]] ; then
    cat &lt;&lt; EOM
error: The sandbox is not in sync with the Podfile.lock. Run 'pod install' or update your CocoaPods installation.
EOM
    exit 1
fi
</string>
			<key>showEnvVarsInLog</key>
			<string>0</string>
		</dict>
		<key>270EC36218C4DB8D009759F6</key>
		<dict>
			<key>isa</key>
			<string>PBXFileReference</string>
			<key>lastKnownFileType</key>
			<string>wrapper.framework</string>
			<key>name</key>
			<string>CoreLocation.framework</string>
			<key>path</key>
			<string>System/Library/Frameworks/CoreLocation.framework</string>
			<key>sourceTree</key>
			<string>SDKROOT</string>
		</dict>
		<key>270EC36318C4DB8D009759F6</key>
		<dict>
			<key>fileRef</key>
			<string>270EC36218C4DB8D009759F6</string>
			<key>isa</key>
			<string>PBXBuildFile</string>
		</dict>
		<key>270EC36418C4DB93009759F6</key>
		<dict>
			<key>isa</key>
			<string>PBXFileReference</string>
			<key>lastKnownFileType</key>
			<string>compiled.mach-o.dylib</string>
			<key>name</key>
			<string>libsqlite3.dylib</string>
			<key>path</key>
			<string>usr/lib/libsqlite3.dylib</string>
			<key>sourceTree</key>
			<string>SDKROOT</string>
		</dict>
		<key>270EC36518C4DB93009759F6</key>
		<dict>
			<key>fileRef</key>
			<string>270EC36418C4DB93009759F6</string>
			<key>isa</key>
			<string>PBXBuildFile</string>
		</dict>
		<key>270EC36618C4DBA1009759F6</key>
		<dict>
			<key>isa</key>
			<string>PBXFileReference</string>
			<key>lastKnownFileType</key>
			<string>wrapper.framework</string>
			<key>name</key>
			<string>MobileCoreServices.framework</string>
			<key>path</key>
			<string>System/Library/Frameworks/MobileCoreServices.framework</string>
			<key>sourceTree</key>
			<string>SDKROOT</string>
		</dict>
		<key>270EC36718C4DBA1009759F6</key>
		<dict>
			<key>fileRef</key>
			<string>270EC36618C4DBA1009759F6</string>
			<key>isa</key>
			<string>PBXBuildFile</string>
		</dict>
		<key>270EC36818C4DBA6009759F6</key>
		<dict>
			<key>isa</key>
			<string>PBXFileReference</string>
			<key>lastKnownFileType</key>
			<string>wrapper.framework</string>
			<key>name</key>
			<string>CFNetwork.framework</string>
			<key>path</key>
			<string>System/Library/Frameworks/CFNetwork.framework</string>
			<key>sourceTree</key>
			<string>SDKROOT</string>
		</dict>
		<key>270EC36918C4DBA6009759F6</key>
		<dict>
			<key>fileRef</key>
			<string>270EC36818C4DBA6009759F6</string>
			<key>isa</key>
			<string>PBXBuildFile</string>
		</dict>
		<key>270EC36A18C4DBC9009759F6</key>
		<dict>
			<key>isa</key>
			<string>PBXFileReference</string>
			<key>lastKnownFileType</key>
			<string>wrapper.framework</string>
			<key>name</key>
			<string>SystemConfiguration.framework</string>
			<key>path</key>
			<string>System/Library/Frameworks/SystemConfiguration.framework</string>
			<key>sourceTree</key>
			<string>SDKROOT</string>
		</dict>
		<key>270EC36B18C4DBC9009759F6</key>
		<dict>
			<key>fileRef</key>
			<string>270EC36A18C4DBC9009759F6</string>
			<key>isa</key>
			<string>PBXBuildFile</string>
		</dict>
		<key>270EC36C18C4DBE5009759F6</key>
		<dict>
			<key>isa</key>
			<string>PBXFileReference</string>
			<key>lastKnownFileType</key>
			<string>wrapper.framework</string>
			<key>name</key>
			<string>Social.framework</string>
			<key>path</key>
			<string>System/Library/Frameworks/Social.framework</string>
			<key>sourceTree</key>
			<string>SDKROOT</string>
		</dict>
		<key>270EC36D18C4DBE5009759F6</key>
		<dict>
			<key>fileRef</key>
			<string>270EC36C18C4DBE5009759F6</string>
			<key>isa</key>
			<string>PBXBuildFile</string>
		</dict>
		<key>270EC36E18C4DBEC009759F6</key>
		<dict>
			<key>isa</key>
			<string>PBXFileReference</string>
			<key>lastKnownFileType</key>
			<string>wrapper.framework</string>
			<key>name</key>
			<string>Accounts.framework</string>
			<key>path</key>
			<string>System/Library/Frameworks/Accounts.framework</string>
			<key>sourceTree</key>
			<string>SDKROOT</string>
		</dict>
		<key>270EC36F18C4DBEC009759F6</key>
		<dict>
			<key>fileRef</key>
			<string>270EC36E18C4DBEC009759F6</string>
			<key>isa</key>
			<string>PBXBuildFile</string>
		</dict>
		<key>271435171902ED0900999C88</key>
		<dict>
			<key>isa</key>
			<string>PBXFileReference</string>
			<key>lastKnownFileType</key>
			<string>sourcecode.c.h</string>
			<key>path</key>
			<string>KCSTimeConstants.h</string>
			<key>sourceTree</key>
			<string>&lt;group&gt;</string>
		</dict>
		<key>27278FFF18D8B8E7006BFBF3</key>
		<dict>
			<key>fileEncoding</key>
			<string>4</string>
			<key>isa</key>
			<string>PBXFileReference</string>
			<key>lastKnownFileType</key>
			<string>sourcecode.c.h</string>
			<key>path</key>
			<string>Info1TableViewController.h</string>
			<key>sourceTree</key>
			<string>&lt;group&gt;</string>
		</dict>
		<key>2727900018D8B8E7006BFBF3</key>
		<dict>
			<key>fileEncoding</key>
			<string>4</string>
			<key>isa</key>
			<string>PBXFileReference</string>
			<key>lastKnownFileType</key>
			<string>sourcecode.c.objc</string>
			<key>path</key>
			<string>Info1TableViewController.m</string>
			<key>sourceTree</key>
			<string>&lt;group&gt;</string>
		</dict>
		<key>2727900118D8B8E7006BFBF3</key>
		<dict>
			<key>fileRef</key>
			<string>2727900018D8B8E7006BFBF3</string>
			<key>isa</key>
			<string>PBXBuildFile</string>
		</dict>
		<key>2727900D18D8E5B8006BFBF3</key>
		<dict>
			<key>fileEncoding</key>
			<string>4</string>
			<key>isa</key>
			<string>PBXFileReference</string>
			<key>lastKnownFileType</key>
			<string>sourcecode.c.h</string>
			<key>path</key>
			<string>Info2TableViewController.h</string>
			<key>sourceTree</key>
			<string>&lt;group&gt;</string>
		</dict>
		<key>2727900E18D8E5B8006BFBF3</key>
		<dict>
			<key>fileEncoding</key>
			<string>4</string>
			<key>isa</key>
			<string>PBXFileReference</string>
			<key>lastKnownFileType</key>
			<string>sourcecode.c.objc</string>
			<key>path</key>
			<string>Info2TableViewController.m</string>
			<key>sourceTree</key>
			<string>&lt;group&gt;</string>
		</dict>
		<key>2727900F18D8E5B8006BFBF3</key>
		<dict>
			<key>fileRef</key>
			<string>2727900E18D8E5B8006BFBF3</string>
			<key>isa</key>
			<string>PBXBuildFile</string>
		</dict>
		<key>2727901018D9E5FC006BFBF3</key>
		<dict>
			<key>fileEncoding</key>
			<string>4</string>
			<key>isa</key>
			<string>PBXFileReference</string>
			<key>lastKnownFileType</key>
			<string>sourcecode.c.h</string>
			<key>path</key>
			<string>EventModel.h</string>
			<key>sourceTree</key>
			<string>&lt;group&gt;</string>
		</dict>
		<key>2727901118D9E5FC006BFBF3</key>
		<dict>
			<key>fileEncoding</key>
			<string>4</string>
			<key>isa</key>
			<string>PBXFileReference</string>
			<key>lastKnownFileType</key>
			<string>sourcecode.c.objc</string>
			<key>path</key>
			<string>EventModel.m</string>
			<key>sourceTree</key>
			<string>&lt;group&gt;</string>
		</dict>
		<key>2727901218D9E5FC006BFBF3</key>
		<dict>
			<key>fileRef</key>
			<string>2727901118D9E5FC006BFBF3</string>
			<key>isa</key>
			<string>PBXBuildFile</string>
		</dict>
		<key>2727901318D9E601006BFBF3</key>
		<dict>
			<key>children</key>
			<array>
				<string>2799EB3018DA1C3800818CE7</string>
				<string>2799EB3118DA1C3800818CE7</string>
				<string>2727901018D9E5FC006BFBF3</string>
				<string>2727901118D9E5FC006BFBF3</string>
				<string>27BBA48618E5C8AB00E6F0A1</string>
				<string>27BBA48718E5C8AB00E6F0A1</string>
				<string>27E7E486191A551D00EB4523</string>
				<string>27E7E487191A551D00EB4523</string>
				<string>27E7E488191A551D00EB4523</string>
				<string>27E7E489191A551D00EB4523</string>
				<string>27E7E48A191A551D00EB4523</string>
				<string>27E7E48B191A551D00EB4523</string>
				<string>27E7E48C191A551D00EB4523</string>
				<string>27E7E48D191A551D00EB4523</string>
			</array>
			<key>isa</key>
			<string>PBXGroup</string>
			<key>name</key>
			<string>Model</string>
			<key>sourceTree</key>
			<string>&lt;group&gt;</string>
		</dict>
		<key>2727901418D9E606006BFBF3</key>
		<dict>
			<key>children</key>
			<array>
				<string>279CB6BC18CDF82100E39E42</string>
				<string>279CB6BD18CDF82100E39E42</string>
				<string>27D1F57618DC8D61005CD1B7</string>
				<string>27D1F57718DC8D61005CD1B7</string>
				<string>27C0C53F18F4164D00D965A2</string>
				<string>27C0C54018F4164D00D965A2</string>
				<string>27C0C54A18F822CB00D965A2</string>
				<string>27C0C54B18F822CB00D965A2</string>
				<string>271435171902ED0900999C88</string>
			</array>
			<key>isa</key>
			<string>PBXGroup</string>
			<key>name</key>
			<string>General UI</string>
			<key>sourceTree</key>
			<string>&lt;group&gt;</string>
		</dict>
		<key>272A8C4C190587F100FDCF08</key>
		<dict>
			<key>fileEncoding</key>
			<string>4</string>
			<key>isa</key>
			<string>PBXFileReference</string>
			<key>lastKnownFileType</key>
			<string>sourcecode.c.h</string>
			<key>path</key>
			<string>UserCell.h</string>
			<key>sourceTree</key>
			<string>&lt;group&gt;</string>
		</dict>
		<key>272A8C4D190587F100FDCF08</key>
		<dict>
			<key>fileEncoding</key>
			<string>4</string>
			<key>isa</key>
			<string>PBXFileReference</string>
			<key>lastKnownFileType</key>
			<string>sourcecode.c.objc</string>
			<key>path</key>
			<string>UserCell.m</string>
			<key>sourceTree</key>
			<string>&lt;group&gt;</string>
		</dict>
		<key>272A8C4E190587F100FDCF08</key>
		<dict>
			<key>fileRef</key>
			<string>272A8C4D190587F100FDCF08</string>
			<key>isa</key>
			<string>PBXBuildFile</string>
		</dict>
		<key>274381ED19182ADC00E45422</key>
		<dict>
			<key>fileEncoding</key>
			<string>4</string>
			<key>isa</key>
			<string>PBXFileReference</string>
			<key>lastKnownFileType</key>
			<string>text.json</string>
			<key>path</key>
			<string>roomBeacons.json</string>
			<key>sourceTree</key>
			<string>&lt;group&gt;</string>
		</dict>
		<key>274381EE19182ADC00E45422</key>
		<dict>
			<key>fileEncoding</key>
			<string>4</string>
			<key>isa</key>
			<string>PBXFileReference</string>
			<key>lastKnownFileType</key>
			<string>text.json</string>
			<key>path</key>
			<string>events.json</string>
			<key>sourceTree</key>
			<string>&lt;group&gt;</string>
		</dict>
		<key>274381F019182ADC00E45422</key>
		<dict>
			<key>fileRef</key>
			<string>274381ED19182ADC00E45422</string>
			<key>isa</key>
			<string>PBXBuildFile</string>
		</dict>
		<key>274381F119182ADC00E45422</key>
		<dict>
			<key>fileRef</key>
			<string>274381EE19182ADC00E45422</string>
			<key>isa</key>
			<string>PBXBuildFile</string>
		</dict>
		<key>274966BD18E31CC0002DDF7F</key>
		<dict>
			<key>fileEncoding</key>
			<string>4</string>
			<key>isa</key>
			<string>PBXFileReference</string>
			<key>lastKnownFileType</key>
			<string>file.storyboard</string>
			<key>path</key>
			<string>EmailPassword.storyboard</string>
			<key>sourceTree</key>
			<string>&lt;group&gt;</string>
		</dict>
		<key>274966BE18E31CC0002DDF7F</key>
		<dict>
			<key>fileRef</key>
			<string>274966BD18E31CC0002DDF7F</string>
			<key>isa</key>
			<string>PBXBuildFile</string>
		</dict>
		<key>274966BF18E31D0E002DDF7F</key>
		<dict>
			<key>fileEncoding</key>
			<string>4</string>
			<key>isa</key>
			<string>PBXFileReference</string>
			<key>lastKnownFileType</key>
			<string>sourcecode.c.h</string>
			<key>path</key>
			<string>EmailPwdLoginTableViewController.h</string>
			<key>sourceTree</key>
			<string>&lt;group&gt;</string>
		</dict>
		<key>274966C018E31D0E002DDF7F</key>
		<dict>
			<key>fileEncoding</key>
			<string>4</string>
			<key>isa</key>
			<string>PBXFileReference</string>
			<key>lastKnownFileType</key>
			<string>sourcecode.c.objc</string>
			<key>path</key>
			<string>EmailPwdLoginTableViewController.m</string>
			<key>sourceTree</key>
			<string>&lt;group&gt;</string>
		</dict>
		<key>274966C118E31D0E002DDF7F</key>
		<dict>
			<key>fileRef</key>
			<string>274966C018E31D0E002DDF7F</string>
			<key>isa</key>
			<string>PBXBuildFile</string>
		</dict>
		<key>274966C218E35CE6002DDF7F</key>
		<dict>
			<key>fileEncoding</key>
			<string>4</string>
			<key>isa</key>
			<string>PBXFileReference</string>
			<key>lastKnownFileType</key>
			<string>sourcecode.c.h</string>
			<key>path</key>
			<string>KinveyInfoTableViewController.h</string>
			<key>sourceTree</key>
			<string>&lt;group&gt;</string>
		</dict>
		<key>274966C318E35CE6002DDF7F</key>
		<dict>
			<key>fileEncoding</key>
			<string>4</string>
			<key>isa</key>
			<string>PBXFileReference</string>
			<key>lastKnownFileType</key>
			<string>sourcecode.c.objc</string>
			<key>path</key>
			<string>KinveyInfoTableViewController.m</string>
			<key>sourceTree</key>
			<string>&lt;group&gt;</string>
		</dict>
		<key>274966C418E35CE6002DDF7F</key>
		<dict>
			<key>fileRef</key>
			<string>274966C318E35CE6002DDF7F</string>
			<key>isa</key>
			<string>PBXBuildFile</string>
		</dict>
		<key>274966C518E35CF0002DDF7F</key>
		<dict>
			<key>fileEncoding</key>
			<string>4</string>
			<key>isa</key>
			<string>PBXFileReference</string>
			<key>lastKnownFileType</key>
			<string>file.storyboard</string>
			<key>path</key>
			<string>KinveyInfo.storyboard</string>
			<key>sourceTree</key>
			<string>&lt;group&gt;</string>
		</dict>
		<key>274966C618E35CF0002DDF7F</key>
		<dict>
			<key>fileRef</key>
			<string>274966C518E35CF0002DDF7F</string>
			<key>isa</key>
			<string>PBXBuildFile</string>
		</dict>
		<key>274966C718E36547002DDF7F</key>
		<dict>
			<key>children</key>
			<array>
				<string>274966C518E35CF0002DDF7F</string>
				<string>274966C218E35CE6002DDF7F</string>
				<string>274966C318E35CE6002DDF7F</string>
				<string>27E636BA18EB4E1F0032B532</string>
				<string>27E636BB18EB4E1F0032B532</string>
			</array>
			<key>isa</key>
			<string>PBXGroup</string>
			<key>name</key>
			<string>Kinvey Info</string>
			<key>sourceTree</key>
			<string>&lt;group&gt;</string>
		</dict>
		<key>275748D118D74BA200E5D561</key>
		<dict>
			<key>fileEncoding</key>
			<string>4</string>
			<key>isa</key>
			<string>PBXFileReference</string>
			<key>lastKnownFileType</key>
			<string>sourcecode.c.h</string>
			<key>path</key>
			<string>LoginViewController.h</string>
			<key>sourceTree</key>
			<string>&lt;group&gt;</string>
		</dict>
		<key>275748D218D74BA200E5D561</key>
		<dict>
			<key>fileEncoding</key>
			<string>4</string>
			<key>isa</key>
			<string>PBXFileReference</string>
			<key>lastKnownFileType</key>
			<string>sourcecode.c.objc</string>
			<key>path</key>
			<string>LoginViewController.m</string>
			<key>sourceTree</key>
			<string>&lt;group&gt;</string>
		</dict>
		<key>275748D318D74BA200E5D561</key>
		<dict>
			<key>fileEncoding</key>
			<string>4</string>
			<key>isa</key>
			<string>PBXFileReference</string>
			<key>lastKnownFileType</key>
			<string>file.xib</string>
			<key>path</key>
			<string>LoginViewController.xib</string>
			<key>sourceTree</key>
			<string>&lt;group&gt;</string>
		</dict>
		<key>275748D418D74BA200E5D561</key>
		<dict>
			<key>fileRef</key>
			<string>275748D218D74BA200E5D561</string>
			<key>isa</key>
			<string>PBXBuildFile</string>
		</dict>
		<key>275748D518D74BA200E5D561</key>
		<dict>
			<key>fileRef</key>
			<string>275748D318D74BA200E5D561</string>
			<key>isa</key>
			<string>PBXBuildFile</string>
		</dict>
		<key>2799EB2A18DA0CF700818CE7</key>
		<dict>
			<key>fileEncoding</key>
			<string>4</string>
			<key>isa</key>
			<string>PBXFileReference</string>
			<key>lastKnownFileType</key>
			<string>file.storyboard</string>
			<key>path</key>
			<string>MainFlow.storyboard</string>
			<key>sourceTree</key>
			<string>&lt;group&gt;</string>
		</dict>
		<key>2799EB2B18DA0CF700818CE7</key>
		<dict>
			<key>fileRef</key>
			<string>2799EB2A18DA0CF700818CE7</string>
			<key>isa</key>
			<string>PBXBuildFile</string>
		</dict>
		<key>2799EB2C18DA0D0D00818CE7</key>
		<dict>
			<key>fileEncoding</key>
			<string>4</string>
			<key>isa</key>
			<string>PBXFileReference</string>
			<key>lastKnownFileType</key>
			<string>sourcecode.c.h</string>
			<key>path</key>
			<string>UserListTableViewController.h</string>
			<key>sourceTree</key>
			<string>&lt;group&gt;</string>
		</dict>
		<key>2799EB2D18DA0D0D00818CE7</key>
		<dict>
			<key>fileEncoding</key>
			<string>4</string>
			<key>isa</key>
			<string>PBXFileReference</string>
			<key>lastKnownFileType</key>
			<string>sourcecode.c.objc</string>
			<key>path</key>
			<string>UserListTableViewController.m</string>
			<key>sourceTree</key>
			<string>&lt;group&gt;</string>
		</dict>
		<key>2799EB2E18DA0D0D00818CE7</key>
		<dict>
			<key>fileRef</key>
			<string>2799EB2D18DA0D0D00818CE7</string>
			<key>isa</key>
			<string>PBXBuildFile</string>
		</dict>
		<key>2799EB2F18DA0D9500818CE7</key>
		<dict>
			<key>children</key>
			<array>
				<string>2799EB2A18DA0CF700818CE7</string>
				<string>27D1F55E18DC6B82005CD1B7</string>
				<string>27D1F55F18DC6B82005CD1B7</string>
				<string>2799EB2C18DA0D0D00818CE7</string>
				<string>2799EB2D18DA0D0D00818CE7</string>
				<string>27B5F52518C26D8400BFF9A1</string>
				<string>27B5F52618C26D8400BFF9A1</string>
				<string>27D1F56118DC70CB005CD1B7</string>
				<string>27D1F56218DC70CB005CD1B7</string>
				<string>272A8C4C190587F100FDCF08</string>
				<string>272A8C4D190587F100FDCF08</string>
			</array>
			<key>isa</key>
			<string>PBXGroup</string>
			<key>name</key>
			<string>Main Flow</string>
			<key>sourceTree</key>
			<string>&lt;group&gt;</string>
		</dict>
		<key>2799EB3018DA1C3800818CE7</key>
		<dict>
			<key>fileEncoding</key>
			<string>4</string>
			<key>isa</key>
			<string>PBXFileReference</string>
			<key>lastKnownFileType</key>
			<string>sourcecode.c.h</string>
			<key>path</key>
			<string>KCSUser+WhosAtGlue.h</string>
			<key>sourceTree</key>
			<string>&lt;group&gt;</string>
		</dict>
		<key>2799EB3118DA1C3800818CE7</key>
		<dict>
			<key>fileEncoding</key>
			<string>4</string>
			<key>isa</key>
			<string>PBXFileReference</string>
			<key>lastKnownFileType</key>
			<string>sourcecode.c.objc</string>
			<key>path</key>
			<string>KCSUser+WhosAtGlue.m</string>
			<key>sourceTree</key>
			<string>&lt;group&gt;</string>
		</dict>
		<key>2799EB3218DA1C3800818CE7</key>
		<dict>
			<key>fileRef</key>
			<string>2799EB3118DA1C3800818CE7</string>
			<key>isa</key>
			<string>PBXBuildFile</string>
		</dict>
		<key>279CB6B318CDDB9B00E39E42</key>
		<dict>
			<key>fileEncoding</key>
			<string>4</string>
			<key>isa</key>
			<string>PBXFileReference</string>
			<key>lastKnownFileType</key>
			<string>sourcecode.c.h</string>
			<key>path</key>
			<string>TimeHeaderView.h</string>
			<key>sourceTree</key>
			<string>&lt;group&gt;</string>
		</dict>
		<key>279CB6B418CDDB9B00E39E42</key>
		<dict>
			<key>fileEncoding</key>
			<string>4</string>
			<key>isa</key>
			<string>PBXFileReference</string>
			<key>lastKnownFileType</key>
			<string>sourcecode.c.objc</string>
			<key>path</key>
			<string>TimeHeaderView.m</string>
			<key>sourceTree</key>
			<string>&lt;group&gt;</string>
		</dict>
		<key>279CB6B518CDDB9B00E39E42</key>
		<dict>
			<key>fileRef</key>
			<string>279CB6B418CDDB9B00E39E42</string>
			<key>isa</key>
			<string>PBXBuildFile</string>
		</dict>
		<key>279CB6B618CDE03100E39E42</key>
		<dict>
			<key>fileEncoding</key>
			<string>4</string>
			<key>isa</key>
			<string>PBXFileReference</string>
			<key>lastKnownFileType</key>
			<string>sourcecode.c.h</string>
			<key>path</key>
			<string>BarGraphCell.h</string>
			<key>sourceTree</key>
			<string>&lt;group&gt;</string>
		</dict>
		<key>279CB6B718CDE03100E39E42</key>
		<dict>
			<key>fileEncoding</key>
			<string>4</string>
			<key>isa</key>
			<string>PBXFileReference</string>
			<key>lastKnownFileType</key>
			<string>sourcecode.c.objc</string>
			<key>path</key>
			<string>BarGraphCell.m</string>
			<key>sourceTree</key>
			<string>&lt;group&gt;</string>
		</dict>
		<key>279CB6B818CDE03100E39E42</key>
		<dict>
			<key>fileRef</key>
			<string>279CB6B718CDE03100E39E42</string>
			<key>isa</key>
			<string>PBXBuildFile</string>
		</dict>
		<key>279CB6B918CDE03C00E39E42</key>
		<dict>
			<key>fileEncoding</key>
			<string>4</string>
			<key>isa</key>
			<string>PBXFileReference</string>
			<key>lastKnownFileType</key>
			<string>sourcecode.c.h</string>
			<key>path</key>
			<string>BarGraphView.h</string>
			<key>sourceTree</key>
			<string>&lt;group&gt;</string>
		</dict>
		<key>279CB6BA18CDE03C00E39E42</key>
		<dict>
			<key>fileEncoding</key>
			<string>4</string>
			<key>isa</key>
			<string>PBXFileReference</string>
			<key>lastKnownFileType</key>
			<string>sourcecode.c.objc</string>
			<key>path</key>
			<string>BarGraphView.m</string>
			<key>sourceTree</key>
			<string>&lt;group&gt;</string>
		</dict>
		<key>279CB6BB18CDE03C00E39E42</key>
		<dict>
			<key>fileRef</key>
			<string>279CB6BA18CDE03C00E39E42</string>
			<key>isa</key>
			<string>PBXBuildFile</string>
		</dict>
		<key>279CB6BC18CDF82100E39E42</key>
		<dict>
			<key>fileEncoding</key>
			<string>4</string>
			<key>isa</key>
			<string>PBXFileReference</string>
			<key>lastKnownFileType</key>
			<string>sourcecode.c.h</string>
			<key>path</key>
			<string>UIColor+WhosAtGlue.h</string>
			<key>sourceTree</key>
			<string>&lt;group&gt;</string>
		</dict>
		<key>279CB6BD18CDF82100E39E42</key>
		<dict>
			<key>fileEncoding</key>
			<string>4</string>
			<key>isa</key>
			<string>PBXFileReference</string>
			<key>lastKnownFileType</key>
			<string>sourcecode.c.objc</string>
			<key>path</key>
			<string>UIColor+WhosAtGlue.m</string>
			<key>sourceTree</key>
			<string>&lt;group&gt;</string>
		</dict>
		<key>279CB6BE18CDF82100E39E42</key>
		<dict>
			<key>fileRef</key>
			<string>279CB6BD18CDF82100E39E42</string>
			<key>isa</key>
			<string>PBXBuildFile</string>
		</dict>
		<key>279CB6C718CE360300E39E42</key>
		<dict>
			<key>fileEncoding</key>
			<string>4</string>
			<key>isa</key>
			<string>PBXFileReference</string>
			<key>lastKnownFileType</key>
			<string>sourcecode.c.h</string>
			<key>path</key>
			<string>PlaygroundViewController.h</string>
			<key>sourceTree</key>
			<string>&lt;group&gt;</string>
		</dict>
		<key>279CB6C818CE360300E39E42</key>
		<dict>
			<key>fileEncoding</key>
			<string>4</string>
			<key>isa</key>
			<string>PBXFileReference</string>
			<key>lastKnownFileType</key>
			<string>sourcecode.c.objc</string>
			<key>path</key>
			<string>PlaygroundViewController.m</string>
			<key>sourceTree</key>
			<string>&lt;group&gt;</string>
		</dict>
		<key>279CB6C918CE360300E39E42</key>
		<dict>
			<key>fileEncoding</key>
			<string>4</string>
			<key>isa</key>
			<string>PBXFileReference</string>
			<key>lastKnownFileType</key>
			<string>file.xib</string>
			<key>path</key>
			<string>PlaygroundViewController.xib</string>
			<key>sourceTree</key>
			<string>&lt;group&gt;</string>
		</dict>
		<key>279CB6CA18CE360300E39E42</key>
		<dict>
			<key>fileRef</key>
			<string>279CB6C818CE360300E39E42</string>
			<key>isa</key>
			<string>PBXBuildFile</string>
		</dict>
		<key>279CB6CB18CE360300E39E42</key>
		<dict>
			<key>fileRef</key>
			<string>279CB6C918CE360300E39E42</string>
			<key>isa</key>
			<string>PBXBuildFile</string>
		</dict>
		<key>27A1E56718FB3EDA00F2D96F</key>
		<dict>
			<key>fileEncoding</key>
			<string>4</string>
			<key>isa</key>
			<string>PBXFileReference</string>
			<key>lastKnownFileType</key>
			<string>sourcecode.c.h</string>
			<key>path</key>
			<string>InfoTableViewController.h</string>
			<key>sourceTree</key>
			<string>&lt;group&gt;</string>
		</dict>
		<key>27A1E56818FB3EDA00F2D96F</key>
		<dict>
			<key>fileEncoding</key>
			<string>4</string>
			<key>isa</key>
			<string>PBXFileReference</string>
			<key>lastKnownFileType</key>
			<string>sourcecode.c.objc</string>
			<key>path</key>
			<string>InfoTableViewController.m</string>
			<key>sourceTree</key>
			<string>&lt;group&gt;</string>
		</dict>
		<key>27A1E56918FB3EDA00F2D96F</key>
		<dict>
			<key>fileRef</key>
			<string>27A1E56818FB3EDA00F2D96F</string>
			<key>isa</key>
			<string>PBXBuildFile</string>
		</dict>
		<key>27A554BF190E9EAB00ECB171</key>
		<dict>
			<key>fileEncoding</key>
			<string>4</string>
			<key>isa</key>
			<string>PBXFileReference</string>
			<key>lastKnownFileType</key>
			<string>text</string>
			<key>path</key>
			<string>PrivacyPolicy.txt</string>
			<key>sourceTree</key>
			<string>&lt;group&gt;</string>
		</dict>
		<key>27A554C0190E9EAB00ECB171</key>
		<dict>
			<key>fileRef</key>
			<string>27A554BF190E9EAB00ECB171</string>
			<key>isa</key>
			<string>PBXBuildFile</string>
		</dict>
		<key>27A554D6190FE0DA00ECB171</key>
		<dict>
			<key>isa</key>
			<string>PBXFileReference</string>
			<key>lastKnownFileType</key>
			<string>wrapper.framework</string>
			<key>path</key>
			<string>KinveyKit.framework</string>
			<key>sourceTree</key>
			<string>&lt;group&gt;</string>
		</dict>
		<key>27A554D7190FE0DA00ECB171</key>
		<dict>
			<key>fileRef</key>
			<string>27A554D6190FE0DA00ECB171</string>
			<key>isa</key>
			<string>PBXBuildFile</string>
		</dict>
		<key>27A554D819107C5000ECB171</key>
		<dict>
			<key>fileEncoding</key>
			<string>4</string>
			<key>isa</key>
			<string>PBXFileReference</string>
			<key>lastKnownFileType</key>
			<string>text</string>
			<key>path</key>
			<string>ExtraLicenses.txt</string>
			<key>sourceTree</key>
			<string>&lt;group&gt;</string>
		</dict>
		<key>27A554D919107C5000ECB171</key>
		<dict>
			<key>fileRef</key>
			<string>27A554D819107C5000ECB171</string>
			<key>isa</key>
			<string>PBXBuildFile</string>
		</dict>
		<key>27B5F4EA18C1191500BFF9A1</key>
		<dict>
			<key>children</key>
			<array>
				<string>27B5F4FC18C1191500BFF9A1</string>
				<string>27B5F4F518C1191500BFF9A1</string>
				<string>27B5F4F418C1191500BFF9A1</string>
				<string>2D163241A8734E498EA46E93</string>
			</array>
			<key>isa</key>
			<string>PBXGroup</string>
			<key>sourceTree</key>
			<string>&lt;group&gt;</string>
		</dict>
		<key>27B5F4EB18C1191500BFF9A1</key>
		<dict>
			<key>attributes</key>
			<dict>
				<key>LastUpgradeCheck</key>
				<string>0510</string>
				<key>ORGANIZATIONNAME</key>
				<string>Kinvey</string>
				<key>TargetAttributes</key>
				<dict>
					<key>27B5F4F218C1191500BFF9A1</key>
					<dict>
						<key>DevelopmentTeam</key>
						<string>5W7CYNR7UE</string>
						<key>SystemCapabilities</key>
						<dict>
							<key>com.apple.BackgroundModes</key>
							<dict>
								<key>enabled</key>
								<string>1</string>
							</dict>
						</dict>
					</dict>
				</dict>
			</dict>
			<key>buildConfigurationList</key>
			<string>27B5F4EE18C1191500BFF9A1</string>
			<key>compatibilityVersion</key>
			<string>Xcode 3.2</string>
			<key>developmentRegion</key>
			<string>English</string>
			<key>hasScannedForEncodings</key>
			<string>0</string>
			<key>isa</key>
			<string>PBXProject</string>
			<key>knownRegions</key>
			<array>
				<string>en</string>
			</array>
			<key>mainGroup</key>
			<string>27B5F4EA18C1191500BFF9A1</string>
			<key>productRefGroup</key>
			<string>27B5F4F418C1191500BFF9A1</string>
			<key>projectDirPath</key>
			<string></string>
			<key>projectReferences</key>
			<array/>
			<key>projectRoot</key>
			<string></string>
			<key>targets</key>
			<array>
				<string>27B5F4F218C1191500BFF9A1</string>
			</array>
		</dict>
		<key>27B5F4EE18C1191500BFF9A1</key>
		<dict>
			<key>buildConfigurations</key>
			<array>
				<string>27B5F51D18C1191500BFF9A1</string>
				<string>27B5F51E18C1191500BFF9A1</string>
			</array>
			<key>defaultConfigurationIsVisible</key>
			<string>0</string>
			<key>defaultConfigurationName</key>
			<string>Release</string>
			<key>isa</key>
			<string>XCConfigurationList</string>
		</dict>
		<key>27B5F4EF18C1191500BFF9A1</key>
		<dict>
			<key>buildActionMask</key>
			<string>2147483647</string>
			<key>files</key>
			<array>
				<string>274966C118E31D0E002DDF7F</string>
				<string>27B5F50718C1191500BFF9A1</string>
				<string>279CB6BB18CDE03C00E39E42</string>
				<string>27D1F57818DC8D61005CD1B7</string>
				<string>2799EB3218DA1C3800818CE7</string>
				<string>27BBA48818E5C8AB00E6F0A1</string>
				<string>274966C418E35CE6002DDF7F</string>
				<string>279CB6B518CDDB9B00E39E42</string>
				<string>27E636BF18EDB2270032B532</string>
				<string>27B5F50318C1191500BFF9A1</string>
				<string>27E7E48E191A551D00EB4523</string>
				<string>27C0C54C18F822CB00D965A2</string>
				<string>272A8C4E190587F100FDCF08</string>
				<string>27B5F52718C26D8400BFF9A1</string>
				<string>2727900F18D8E5B8006BFBF3</string>
				<string>27E7E490191A551D00EB4523</string>
				<string>2727900118D8B8E7006BFBF3</string>
				<string>279CB6CA18CE360300E39E42</string>
				<string>279CB6BE18CDF82100E39E42</string>
				<string>27D1F56718DC7DE6005CD1B7</string>
				<string>27C0C54118F4164D00D965A2</string>
				<string>2799EB2E18DA0D0D00818CE7</string>
				<string>27D1F56018DC6B82005CD1B7</string>
				<string>27C0C54918F5E5F700D965A2</string>
				<string>27E636BC18EB4E1F0032B532</string>
				<string>2727901218D9E5FC006BFBF3</string>
				<string>27E7E48F191A551D00EB4523</string>
				<string>27E7E491191A551D00EB4523</string>
				<string>27A1E56918FB3EDA00F2D96F</string>
				<string>27E833E51908029D00DC162E</string>
				<string>27D1F56318DC70CB005CD1B7</string>
				<string>27C0C53E18EF4BC700D965A2</string>
				<string>279CB6B818CDE03100E39E42</string>
				<string>275748D418D74BA200E5D561</string>
			</array>
			<key>isa</key>
			<string>PBXSourcesBuildPhase</string>
			<key>runOnlyForDeploymentPostprocessing</key>
			<string>0</string>
		</dict>
		<key>27B5F4F018C1191500BFF9A1</key>
		<dict>
			<key>buildActionMask</key>
			<string>2147483647</string>
			<key>files</key>
			<array>
				<string>270EC36F18C4DBEC009759F6</string>
				<string>270EC36D18C4DBE5009759F6</string>
				<string>270EC36B18C4DBC9009759F6</string>
				<string>270EC36918C4DBA6009759F6</string>
				<string>27A554D7190FE0DA00ECB171</string>
				<string>270EC36718C4DBA1009759F6</string>
				<string>270EC36518C4DB93009759F6</string>
				<string>270EC36318C4DB8D009759F6</string>
				<string>27B5F4F918C1191500BFF9A1</string>
				<string>27B5F4FB18C1191500BFF9A1</string>
				<string>27B5F4F718C1191500BFF9A1</string>
				<string>8CA82E1FA742415C932083AD</string>
			</array>
			<key>isa</key>
			<string>PBXFrameworksBuildPhase</string>
			<key>runOnlyForDeploymentPostprocessing</key>
			<string>0</string>
		</dict>
		<key>27B5F4F118C1191500BFF9A1</key>
		<dict>
			<key>buildActionMask</key>
			<string>2147483647</string>
			<key>files</key>
			<array>
				<string>274381F019182ADC00E45422</string>
				<string>27E833E7190802B600DC162E</string>
				<string>275748D518D74BA200E5D561</string>
				<string>274381F119182ADC00E45422</string>
				<string>2799EB2B18DA0CF700818CE7</string>
				<string>279CB6CB18CE360300E39E42</string>
				<string>27D1F57518DC8130005CD1B7</string>
				<string>27B5F50118C1191500BFF9A1</string>
				<string>274966C618E35CF0002DDF7F</string>
				<string>27A554D919107C5000ECB171</string>
				<string>27B5F50918C1191500BFF9A1</string>
				<string>27A554C0190E9EAB00ECB171</string>
				<string>27EAD2C518D7840A00CEAF10</string>
				<string>274966BE18E31CC0002DDF7F</string>
			</array>
			<key>isa</key>
			<string>PBXResourcesBuildPhase</string>
			<key>runOnlyForDeploymentPostprocessing</key>
			<string>0</string>
		</dict>
		<key>27B5F4F218C1191500BFF9A1</key>
		<dict>
			<key>buildConfigurationList</key>
			<string>27B5F51F18C1191500BFF9A1</string>
			<key>buildPhases</key>
			<array>
				<string>1FC8C3CB766E497C83FA96EB</string>
				<string>27B5F4EF18C1191500BFF9A1</string>
				<string>27B5F4F018C1191500BFF9A1</string>
				<string>27B5F4F118C1191500BFF9A1</string>
				<string>82C1F282FCAF4596B73CDC61</string>
			</array>
			<key>buildRules</key>
			<array/>
			<key>dependencies</key>
			<array/>
			<key>isa</key>
			<string>PBXNativeTarget</string>
			<key>name</key>
			<string>WhosAtGlue</string>
			<key>productName</key>
			<string>Tsunami</string>
			<key>productReference</key>
			<string>27B5F4F318C1191500BFF9A1</string>
			<key>productType</key>
			<string>com.apple.product-type.application</string>
		</dict>
		<key>27B5F4F318C1191500BFF9A1</key>
		<dict>
			<key>explicitFileType</key>
			<string>wrapper.application</string>
			<key>includeInIndex</key>
			<string>0</string>
			<key>isa</key>
			<string>PBXFileReference</string>
			<key>path</key>
			<string>WhosAtGlue.app</string>
			<key>sourceTree</key>
			<string>BUILT_PRODUCTS_DIR</string>
		</dict>
		<key>27B5F4F418C1191500BFF9A1</key>
		<dict>
			<key>children</key>
			<array>
				<string>27B5F4F318C1191500BFF9A1</string>
			</array>
			<key>isa</key>
			<string>PBXGroup</string>
			<key>name</key>
			<string>Products</string>
			<key>sourceTree</key>
			<string>&lt;group&gt;</string>
		</dict>
		<key>27B5F4F518C1191500BFF9A1</key>
		<dict>
			<key>children</key>
			<array>
				<string>27A554D6190FE0DA00ECB171</string>
				<string>270EC36E18C4DBEC009759F6</string>
				<string>270EC36C18C4DBE5009759F6</string>
				<string>270EC36A18C4DBC9009759F6</string>
				<string>270EC36818C4DBA6009759F6</string>
				<string>270EC36618C4DBA1009759F6</string>
				<string>270EC36418C4DB93009759F6</string>
				<string>270EC36218C4DB8D009759F6</string>
				<string>27B5F4F618C1191500BFF9A1</string>
				<string>27B5F4F818C1191500BFF9A1</string>
				<string>27B5F4FA18C1191500BFF9A1</string>
				<string>27B5F50F18C1191500BFF9A1</string>
				<string>8828ECD9F9EE4449994AE9AB</string>
			</array>
			<key>isa</key>
			<string>PBXGroup</string>
			<key>name</key>
			<string>Frameworks</string>
			<key>sourceTree</key>
			<string>&lt;group&gt;</string>
		</dict>
		<key>27B5F4F618C1191500BFF9A1</key>
		<dict>
			<key>isa</key>
			<string>PBXFileReference</string>
			<key>lastKnownFileType</key>
			<string>wrapper.framework</string>
			<key>name</key>
			<string>Foundation.framework</string>
			<key>path</key>
			<string>System/Library/Frameworks/Foundation.framework</string>
			<key>sourceTree</key>
			<string>SDKROOT</string>
		</dict>
		<key>27B5F4F718C1191500BFF9A1</key>
		<dict>
			<key>fileRef</key>
			<string>27B5F4F618C1191500BFF9A1</string>
			<key>isa</key>
			<string>PBXBuildFile</string>
		</dict>
		<key>27B5F4F818C1191500BFF9A1</key>
		<dict>
			<key>isa</key>
			<string>PBXFileReference</string>
			<key>lastKnownFileType</key>
			<string>wrapper.framework</string>
			<key>name</key>
			<string>CoreGraphics.framework</string>
			<key>path</key>
			<string>System/Library/Frameworks/CoreGraphics.framework</string>
			<key>sourceTree</key>
			<string>SDKROOT</string>
		</dict>
		<key>27B5F4F918C1191500BFF9A1</key>
		<dict>
			<key>fileRef</key>
			<string>27B5F4F818C1191500BFF9A1</string>
			<key>isa</key>
			<string>PBXBuildFile</string>
		</dict>
		<key>27B5F4FA18C1191500BFF9A1</key>
		<dict>
			<key>isa</key>
			<string>PBXFileReference</string>
			<key>lastKnownFileType</key>
			<string>wrapper.framework</string>
			<key>name</key>
			<string>UIKit.framework</string>
			<key>path</key>
			<string>System/Library/Frameworks/UIKit.framework</string>
			<key>sourceTree</key>
			<string>SDKROOT</string>
		</dict>
		<key>27B5F4FB18C1191500BFF9A1</key>
		<dict>
			<key>fileRef</key>
			<string>27B5F4FA18C1191500BFF9A1</string>
			<key>isa</key>
			<string>PBXBuildFile</string>
		</dict>
		<key>27B5F4FC18C1191500BFF9A1</key>
		<dict>
			<key>children</key>
			<array>
				<string>27B5F50518C1191500BFF9A1</string>
				<string>27B5F50618C1191500BFF9A1</string>
				<string>27B5F50818C1191500BFF9A1</string>
				<string>2799EB2F18DA0D9500818CE7</string>
				<string>27FCAAD018E05220008C7835</string>
				<string>27BBA48918EA1FE400E6F0A1</string>
				<string>27EAD2C618D7841100CEAF10</string>
				<string>274966C718E36547002DDF7F</string>
				<string>27D1F56918DC7DF4005CD1B7</string>
				<string>2727901418D9E606006BFBF3</string>
				<string>2727901318D9E601006BFBF3</string>
				<string>27B5F4FD18C1191500BFF9A1</string>
			</array>
			<key>isa</key>
			<string>PBXGroup</string>
			<key>path</key>
			<string>WhosAtGlue</string>
			<key>sourceTree</key>
			<string>&lt;group&gt;</string>
		</dict>
		<key>27B5F4FD18C1191500BFF9A1</key>
		<dict>
			<key>children</key>
			<array>
				<string>274381ED19182ADC00E45422</string>
				<string>274381EE19182ADC00E45422</string>
				<string>27B5F4FE18C1191500BFF9A1</string>
				<string>27B5F4FF18C1191500BFF9A1</string>
				<string>27B5F50218C1191500BFF9A1</string>
				<string>27B5F50418C1191500BFF9A1</string>
				<string>27E833E6190802B600DC162E</string>
				<string>27A554BF190E9EAB00ECB171</string>
				<string>27A554D819107C5000ECB171</string>
			</array>
			<key>isa</key>
			<string>PBXGroup</string>
			<key>name</key>
			<string>Supporting Files</string>
			<key>sourceTree</key>
			<string>&lt;group&gt;</string>
		</dict>
		<key>27B5F4FE18C1191500BFF9A1</key>
		<dict>
			<key>isa</key>
			<string>PBXFileReference</string>
			<key>lastKnownFileType</key>
			<string>text.plist.xml</string>
			<key>path</key>
			<string>WhosAtGlue-Info.plist</string>
			<key>sourceTree</key>
			<string>&lt;group&gt;</string>
		</dict>
		<key>27B5F4FF18C1191500BFF9A1</key>
		<dict>
			<key>children</key>
			<array>
				<string>27B5F50018C1191500BFF9A1</string>
			</array>
			<key>isa</key>
			<string>PBXVariantGroup</string>
			<key>name</key>
			<string>InfoPlist.strings</string>
			<key>sourceTree</key>
			<string>&lt;group&gt;</string>
		</dict>
		<key>27B5F50018C1191500BFF9A1</key>
		<dict>
			<key>isa</key>
			<string>PBXFileReference</string>
			<key>lastKnownFileType</key>
			<string>text.plist.strings</string>
			<key>name</key>
			<string>en</string>
			<key>path</key>
			<string>en.lproj/InfoPlist.strings</string>
			<key>sourceTree</key>
			<string>&lt;group&gt;</string>
		</dict>
		<key>27B5F50118C1191500BFF9A1</key>
		<dict>
			<key>fileRef</key>
			<string>27B5F4FF18C1191500BFF9A1</string>
			<key>isa</key>
			<string>PBXBuildFile</string>
		</dict>
		<key>27B5F50218C1191500BFF9A1</key>
		<dict>
			<key>isa</key>
			<string>PBXFileReference</string>
			<key>lastKnownFileType</key>
			<string>sourcecode.c.objc</string>
			<key>path</key>
			<string>main.m</string>
			<key>sourceTree</key>
			<string>&lt;group&gt;</string>
		</dict>
		<key>27B5F50318C1191500BFF9A1</key>
		<dict>
			<key>fileRef</key>
			<string>27B5F50218C1191500BFF9A1</string>
			<key>isa</key>
			<string>PBXBuildFile</string>
		</dict>
		<key>27B5F50418C1191500BFF9A1</key>
		<dict>
			<key>isa</key>
			<string>PBXFileReference</string>
			<key>lastKnownFileType</key>
			<string>sourcecode.c.h</string>
			<key>path</key>
			<string>WhosAtGlue-Prefix.pch</string>
			<key>sourceTree</key>
			<string>&lt;group&gt;</string>
		</dict>
		<key>27B5F50518C1191500BFF9A1</key>
		<dict>
			<key>isa</key>
			<string>PBXFileReference</string>
			<key>lastKnownFileType</key>
			<string>sourcecode.c.h</string>
			<key>path</key>
			<string>AppDelegate.h</string>
			<key>sourceTree</key>
			<string>&lt;group&gt;</string>
		</dict>
		<key>27B5F50618C1191500BFF9A1</key>
		<dict>
			<key>isa</key>
			<string>PBXFileReference</string>
			<key>lastKnownFileType</key>
			<string>sourcecode.c.objc</string>
			<key>path</key>
			<string>AppDelegate.m</string>
			<key>sourceTree</key>
			<string>&lt;group&gt;</string>
		</dict>
		<key>27B5F50718C1191500BFF9A1</key>
		<dict>
			<key>fileRef</key>
			<string>27B5F50618C1191500BFF9A1</string>
			<key>isa</key>
			<string>PBXBuildFile</string>
		</dict>
		<key>27B5F50818C1191500BFF9A1</key>
		<dict>
			<key>isa</key>
			<string>PBXFileReference</string>
			<key>lastKnownFileType</key>
			<string>folder.assetcatalog</string>
			<key>path</key>
			<string>Images.xcassets</string>
			<key>sourceTree</key>
			<string>&lt;group&gt;</string>
		</dict>
		<key>27B5F50918C1191500BFF9A1</key>
		<dict>
			<key>fileRef</key>
			<string>27B5F50818C1191500BFF9A1</string>
			<key>isa</key>
			<string>PBXBuildFile</string>
		</dict>
		<key>27B5F50F18C1191500BFF9A1</key>
		<dict>
			<key>isa</key>
			<string>PBXFileReference</string>
			<key>lastKnownFileType</key>
			<string>wrapper.framework</string>
			<key>name</key>
			<string>XCTest.framework</string>
			<key>path</key>
			<string>Library/Frameworks/XCTest.framework</string>
			<key>sourceTree</key>
			<string>DEVELOPER_DIR</string>
		</dict>
		<key>27B5F51D18C1191500BFF9A1</key>
		<dict>
			<key>buildSettings</key>
			<dict>
				<key>ALWAYS_SEARCH_USER_PATHS</key>
				<string>NO</string>
				<key>CLANG_CXX_LANGUAGE_STANDARD</key>
				<string>gnu++0x</string>
				<key>CLANG_CXX_LIBRARY</key>
				<string>libc++</string>
				<key>CLANG_ENABLE_MODULES</key>
				<string>YES</string>
				<key>CLANG_ENABLE_OBJC_ARC</key>
				<string>YES</string>
				<key>CLANG_WARN_BOOL_CONVERSION</key>
				<string>YES</string>
				<key>CLANG_WARN_CONSTANT_CONVERSION</key>
				<string>YES</string>
				<key>CLANG_WARN_DIRECT_OBJC_ISA_USAGE</key>
				<string>YES_ERROR</string>
				<key>CLANG_WARN_EMPTY_BODY</key>
				<string>YES</string>
				<key>CLANG_WARN_ENUM_CONVERSION</key>
				<string>YES</string>
				<key>CLANG_WARN_INT_CONVERSION</key>
				<string>YES</string>
				<key>CLANG_WARN_OBJC_ROOT_CLASS</key>
				<string>YES_ERROR</string>
				<key>CLANG_WARN__DUPLICATE_METHOD_MATCH</key>
				<string>YES</string>
				<key>CODE_SIGN_IDENTITY[sdk=iphoneos*]</key>
				<string>iPhone Developer</string>
				<key>COPY_PHASE_STRIP</key>
				<string>NO</string>
				<key>GCC_C_LANGUAGE_STANDARD</key>
				<string>gnu99</string>
				<key>GCC_DYNAMIC_NO_PIC</key>
				<string>NO</string>
				<key>GCC_OPTIMIZATION_LEVEL</key>
				<string>0</string>
				<key>GCC_PREPROCESSOR_DEFINITIONS</key>
				<array>
					<string>DEBUG=1</string>
					<string>$(inherited)</string>
				</array>
				<key>GCC_SYMBOLS_PRIVATE_EXTERN</key>
				<string>NO</string>
				<key>GCC_WARN_64_TO_32_BIT_CONVERSION</key>
				<string>YES</string>
				<key>GCC_WARN_ABOUT_RETURN_TYPE</key>
				<string>YES_ERROR</string>
				<key>GCC_WARN_UNDECLARED_SELECTOR</key>
				<string>YES</string>
				<key>GCC_WARN_UNINITIALIZED_AUTOS</key>
				<string>YES</string>
				<key>GCC_WARN_UNUSED_FUNCTION</key>
				<string>YES</string>
				<key>GCC_WARN_UNUSED_VARIABLE</key>
				<string>YES</string>
				<key>IPHONEOS_DEPLOYMENT_TARGET</key>
				<string>7.0</string>
				<key>ONLY_ACTIVE_ARCH</key>
				<string>YES</string>
				<key>OTHER_LDFLAGS</key>
				<string>-ObjC</string>
				<key>SDKROOT</key>
				<string>iphoneos</string>
				<key>TARGETED_DEVICE_FAMILY</key>
				<string>1,2</string>
			</dict>
			<key>isa</key>
			<string>XCBuildConfiguration</string>
			<key>name</key>
			<string>Debug</string>
		</dict>
		<key>27B5F51E18C1191500BFF9A1</key>
		<dict>
			<key>buildSettings</key>
			<dict>
				<key>ALWAYS_SEARCH_USER_PATHS</key>
				<string>NO</string>
				<key>CLANG_CXX_LANGUAGE_STANDARD</key>
				<string>gnu++0x</string>
				<key>CLANG_CXX_LIBRARY</key>
				<string>libc++</string>
				<key>CLANG_ENABLE_MODULES</key>
				<string>YES</string>
				<key>CLANG_ENABLE_OBJC_ARC</key>
				<string>YES</string>
				<key>CLANG_WARN_BOOL_CONVERSION</key>
				<string>YES</string>
				<key>CLANG_WARN_CONSTANT_CONVERSION</key>
				<string>YES</string>
				<key>CLANG_WARN_DIRECT_OBJC_ISA_USAGE</key>
				<string>YES_ERROR</string>
				<key>CLANG_WARN_EMPTY_BODY</key>
				<string>YES</string>
				<key>CLANG_WARN_ENUM_CONVERSION</key>
				<string>YES</string>
				<key>CLANG_WARN_INT_CONVERSION</key>
				<string>YES</string>
				<key>CLANG_WARN_OBJC_ROOT_CLASS</key>
				<string>YES_ERROR</string>
				<key>CLANG_WARN__DUPLICATE_METHOD_MATCH</key>
				<string>YES</string>
				<key>CODE_SIGN_IDENTITY[sdk=iphoneos*]</key>
				<string>iPhone Developer</string>
				<key>COPY_PHASE_STRIP</key>
				<string>YES</string>
				<key>ENABLE_NS_ASSERTIONS</key>
				<string>NO</string>
				<key>GCC_C_LANGUAGE_STANDARD</key>
				<string>gnu99</string>
				<key>GCC_WARN_64_TO_32_BIT_CONVERSION</key>
				<string>YES</string>
				<key>GCC_WARN_ABOUT_RETURN_TYPE</key>
				<string>YES_ERROR</string>
				<key>GCC_WARN_UNDECLARED_SELECTOR</key>
				<string>YES</string>
				<key>GCC_WARN_UNINITIALIZED_AUTOS</key>
				<string>YES</string>
				<key>GCC_WARN_UNUSED_FUNCTION</key>
				<string>YES</string>
				<key>GCC_WARN_UNUSED_VARIABLE</key>
				<string>YES</string>
				<key>IPHONEOS_DEPLOYMENT_TARGET</key>
				<string>7.0</string>
				<key>OTHER_LDFLAGS</key>
				<string>-ObjC</string>
				<key>SDKROOT</key>
				<string>iphoneos</string>
				<key>TARGETED_DEVICE_FAMILY</key>
				<string>1,2</string>
				<key>VALIDATE_PRODUCT</key>
				<string>YES</string>
			</dict>
			<key>isa</key>
			<string>XCBuildConfiguration</string>
			<key>name</key>
			<string>Release</string>
		</dict>
		<key>27B5F51F18C1191500BFF9A1</key>
		<dict>
			<key>buildConfigurations</key>
			<array>
				<string>27B5F52018C1191500BFF9A1</string>
				<string>27B5F52118C1191500BFF9A1</string>
			</array>
			<key>defaultConfigurationIsVisible</key>
			<string>0</string>
			<key>defaultConfigurationName</key>
			<string>Release</string>
			<key>isa</key>
			<string>XCConfigurationList</string>
		</dict>
		<key>27B5F52018C1191500BFF9A1</key>
		<dict>
			<key>baseConfigurationReference</key>
			<string>2D163241A8734E498EA46E93</string>
			<key>buildSettings</key>
			<dict>
				<key>ASSETCATALOG_COMPILER_APPICON_NAME</key>
				<string>AppIcon</string>
				<key>ASSETCATALOG_COMPILER_LAUNCHIMAGE_NAME</key>
				<string>LaunchImage</string>
				<key>CODE_SIGN_IDENTITY</key>
				<string></string>
				<key>CODE_SIGN_IDENTITY[sdk=iphoneos*]</key>
				<string>iPhone Developer</string>
				<key>FRAMEWORK_SEARCH_PATHS</key>
				<array>
					<string>$(inherited)</string>
					<string>$(PROJECT_DIR)</string>
				</array>
				<key>GCC_PRECOMPILE_PREFIX_HEADER</key>
				<string>YES</string>
				<key>GCC_PREFIX_HEADER</key>
				<string>WhosAtGlue/WhosAtGlue-Prefix.pch</string>
				<key>INFOPLIST_FILE</key>
				<string>WhosAtGlue/WhosAtGlue-Info.plist</string>
				<key>PRODUCT_NAME</key>
				<string>WhosAtGlue</string>
				<key>PROVISIONING_PROFILE</key>
				<string></string>
				<key>TARGETED_DEVICE_FAMILY</key>
				<string>1</string>
				<key>WRAPPER_EXTENSION</key>
				<string>app</string>
			</dict>
			<key>isa</key>
			<string>XCBuildConfiguration</string>
			<key>name</key>
			<string>Debug</string>
		</dict>
		<key>27B5F52118C1191500BFF9A1</key>
		<dict>
			<key>baseConfigurationReference</key>
			<string>2D163241A8734E498EA46E93</string>
			<key>buildSettings</key>
			<dict>
				<key>ASSETCATALOG_COMPILER_APPICON_NAME</key>
				<string>AppIcon</string>
				<key>ASSETCATALOG_COMPILER_LAUNCHIMAGE_NAME</key>
				<string>LaunchImage</string>
				<key>CODE_SIGN_IDENTITY</key>
				<string></string>
				<key>CODE_SIGN_IDENTITY[sdk=iphoneos*]</key>
				<string>iPhone Developer</string>
				<key>FRAMEWORK_SEARCH_PATHS</key>
				<array>
					<string>$(inherited)</string>
					<string>$(PROJECT_DIR)</string>
				</array>
				<key>GCC_PRECOMPILE_PREFIX_HEADER</key>
				<string>YES</string>
				<key>GCC_PREFIX_HEADER</key>
				<string>WhosAtGlue/WhosAtGlue-Prefix.pch</string>
				<key>INFOPLIST_FILE</key>
				<string>WhosAtGlue/WhosAtGlue-Info.plist</string>
				<key>PRODUCT_NAME</key>
				<string>WhosAtGlue</string>
				<key>PROVISIONING_PROFILE</key>
				<string></string>
				<key>TARGETED_DEVICE_FAMILY</key>
				<string>1</string>
				<key>WRAPPER_EXTENSION</key>
				<string>app</string>
			</dict>
			<key>isa</key>
			<string>XCBuildConfiguration</string>
			<key>name</key>
			<string>Release</string>
		</dict>
		<key>27B5F52518C26D8400BFF9A1</key>
		<dict>
			<key>fileEncoding</key>
			<string>4</string>
			<key>isa</key>
			<string>PBXFileReference</string>
			<key>lastKnownFileType</key>
			<string>sourcecode.c.h</string>
			<key>path</key>
			<string>DistanceViewController.h</string>
			<key>sourceTree</key>
			<string>&lt;group&gt;</string>
		</dict>
		<key>27B5F52618C26D8400BFF9A1</key>
		<dict>
			<key>fileEncoding</key>
			<string>4</string>
			<key>isa</key>
			<string>PBXFileReference</string>
			<key>lastKnownFileType</key>
			<string>sourcecode.c.objc</string>
			<key>path</key>
			<string>DistanceViewController.m</string>
			<key>sourceTree</key>
			<string>&lt;group&gt;</string>
		</dict>
		<key>27B5F52718C26D8400BFF9A1</key>
		<dict>
			<key>fileRef</key>
			<string>27B5F52618C26D8400BFF9A1</string>
			<key>isa</key>
			<string>PBXBuildFile</string>
		</dict>
		<key>27BBA48618E5C8AB00E6F0A1</key>
		<dict>
			<key>fileEncoding</key>
			<string>4</string>
			<key>isa</key>
			<string>PBXFileReference</string>
			<key>lastKnownFileType</key>
			<string>sourcecode.c.h</string>
			<key>path</key>
			<string>KCSBeaconInfo+WhosAtGlue.h</string>
			<key>sourceTree</key>
			<string>&lt;group&gt;</string>
		</dict>
		<key>27BBA48718E5C8AB00E6F0A1</key>
		<dict>
			<key>fileEncoding</key>
			<string>4</string>
			<key>isa</key>
			<string>PBXFileReference</string>
			<key>lastKnownFileType</key>
			<string>sourcecode.c.objc</string>
			<key>path</key>
			<string>KCSBeaconInfo+WhosAtGlue.m</string>
			<key>sourceTree</key>
			<string>&lt;group&gt;</string>
		</dict>
		<key>27BBA48818E5C8AB00E6F0A1</key>
		<dict>
			<key>fileRef</key>
			<string>27BBA48718E5C8AB00E6F0A1</string>
			<key>isa</key>
			<string>PBXBuildFile</string>
		</dict>
		<key>27BBA48918EA1FE400E6F0A1</key>
		<dict>
			<key>children</key>
			<array>
				<string>279CB6C718CE360300E39E42</string>
				<string>279CB6C818CE360300E39E42</string>
				<string>279CB6C918CE360300E39E42</string>
				<string>27C0C54718F5E5F700D965A2</string>
				<string>27C0C54818F5E5F700D965A2</string>
				<string>279CB6B318CDDB9B00E39E42</string>
				<string>279CB6B418CDDB9B00E39E42</string>
				<string>279CB6B618CDE03100E39E42</string>
				<string>279CB6B718CDE03100E39E42</string>
				<string>279CB6B918CDE03C00E39E42</string>
				<string>279CB6BA18CDE03C00E39E42</string>
			</array>
			<key>isa</key>
			<string>PBXGroup</string>
			<key>name</key>
			<string>Stats</string>
			<key>sourceTree</key>
			<string>&lt;group&gt;</string>
		</dict>
		<key>27C0C53C18EF4BC700D965A2</key>
		<dict>
			<key>fileEncoding</key>
			<string>4</string>
			<key>isa</key>
			<string>PBXFileReference</string>
			<key>lastKnownFileType</key>
			<string>sourcecode.c.h</string>
			<key>path</key>
			<string>UserProfileViewController.h</string>
			<key>sourceTree</key>
			<string>&lt;group&gt;</string>
		</dict>
		<key>27C0C53D18EF4BC700D965A2</key>
		<dict>
			<key>fileEncoding</key>
			<string>4</string>
			<key>isa</key>
			<string>PBXFileReference</string>
			<key>lastKnownFileType</key>
			<string>sourcecode.c.objc</string>
			<key>path</key>
			<string>UserProfileViewController.m</string>
			<key>sourceTree</key>
			<string>&lt;group&gt;</string>
		</dict>
		<key>27C0C53E18EF4BC700D965A2</key>
		<dict>
			<key>fileRef</key>
			<string>27C0C53D18EF4BC700D965A2</string>
			<key>isa</key>
			<string>PBXBuildFile</string>
		</dict>
		<key>27C0C53F18F4164D00D965A2</key>
		<dict>
			<key>fileEncoding</key>
			<string>4</string>
			<key>isa</key>
			<string>PBXFileReference</string>
			<key>lastKnownFileType</key>
			<string>sourcecode.c.h</string>
			<key>path</key>
			<string>PushWrapper.h</string>
			<key>sourceTree</key>
			<string>&lt;group&gt;</string>
		</dict>
		<key>27C0C54018F4164D00D965A2</key>
		<dict>
			<key>fileEncoding</key>
			<string>4</string>
			<key>isa</key>
			<string>PBXFileReference</string>
			<key>lastKnownFileType</key>
			<string>sourcecode.c.objc</string>
			<key>path</key>
			<string>PushWrapper.m</string>
			<key>sourceTree</key>
			<string>&lt;group&gt;</string>
		</dict>
		<key>27C0C54118F4164D00D965A2</key>
		<dict>
			<key>fileRef</key>
			<string>27C0C54018F4164D00D965A2</string>
			<key>isa</key>
			<string>PBXBuildFile</string>
		</dict>
		<key>27C0C54718F5E5F700D965A2</key>
		<dict>
			<key>fileEncoding</key>
			<string>4</string>
			<key>isa</key>
			<string>PBXFileReference</string>
			<key>lastKnownFileType</key>
			<string>sourcecode.c.h</string>
			<key>path</key>
			<string>RadiusPlusView.h</string>
			<key>sourceTree</key>
			<string>&lt;group&gt;</string>
		</dict>
		<key>27C0C54818F5E5F700D965A2</key>
		<dict>
			<key>fileEncoding</key>
			<string>4</string>
			<key>isa</key>
			<string>PBXFileReference</string>
			<key>lastKnownFileType</key>
			<string>sourcecode.c.objc</string>
			<key>path</key>
			<string>RadiusPlusView.m</string>
			<key>sourceTree</key>
			<string>&lt;group&gt;</string>
		</dict>
		<key>27C0C54918F5E5F700D965A2</key>
		<dict>
			<key>fileRef</key>
			<string>27C0C54818F5E5F700D965A2</string>
			<key>isa</key>
			<string>PBXBuildFile</string>
		</dict>
		<key>27C0C54A18F822CB00D965A2</key>
		<dict>
			<key>fileEncoding</key>
			<string>4</string>
			<key>isa</key>
			<string>PBXFileReference</string>
			<key>lastKnownFileType</key>
			<string>sourcecode.c.h</string>
			<key>path</key>
			<string>NSError+WhosAtGlue.h</string>
			<key>sourceTree</key>
			<string>&lt;group&gt;</string>
		</dict>
		<key>27C0C54B18F822CB00D965A2</key>
		<dict>
			<key>fileEncoding</key>
			<string>4</string>
			<key>isa</key>
			<string>PBXFileReference</string>
			<key>lastKnownFileType</key>
			<string>sourcecode.c.objc</string>
			<key>path</key>
			<string>NSError+WhosAtGlue.m</string>
			<key>sourceTree</key>
			<string>&lt;group&gt;</string>
		</dict>
		<key>27C0C54C18F822CB00D965A2</key>
		<dict>
			<key>fileRef</key>
			<string>27C0C54B18F822CB00D965A2</string>
			<key>isa</key>
			<string>PBXBuildFile</string>
		</dict>
		<key>27D1F55E18DC6B82005CD1B7</key>
		<dict>
			<key>fileEncoding</key>
			<string>4</string>
			<key>isa</key>
			<string>PBXFileReference</string>
			<key>lastKnownFileType</key>
			<string>sourcecode.c.h</string>
			<key>path</key>
			<string>MainViewController.h</string>
			<key>sourceTree</key>
			<string>&lt;group&gt;</string>
		</dict>
		<key>27D1F55F18DC6B82005CD1B7</key>
		<dict>
			<key>fileEncoding</key>
			<string>4</string>
			<key>isa</key>
			<string>PBXFileReference</string>
			<key>lastKnownFileType</key>
			<string>sourcecode.c.objc</string>
			<key>path</key>
			<string>MainViewController.m</string>
			<key>sourceTree</key>
			<string>&lt;group&gt;</string>
		</dict>
		<key>27D1F56018DC6B82005CD1B7</key>
		<dict>
			<key>fileRef</key>
			<string>27D1F55F18DC6B82005CD1B7</string>
			<key>isa</key>
			<string>PBXBuildFile</string>
		</dict>
		<key>27D1F56118DC70CB005CD1B7</key>
		<dict>
			<key>fileEncoding</key>
			<string>4</string>
			<key>isa</key>
			<string>PBXFileReference</string>
			<key>lastKnownFileType</key>
			<string>sourcecode.c.h</string>
			<key>path</key>
			<string>RadiusView.h</string>
			<key>sourceTree</key>
			<string>&lt;group&gt;</string>
		</dict>
		<key>27D1F56218DC70CB005CD1B7</key>
		<dict>
			<key>fileEncoding</key>
			<string>4</string>
			<key>isa</key>
			<string>PBXFileReference</string>
			<key>lastKnownFileType</key>
			<string>sourcecode.c.objc</string>
			<key>path</key>
			<string>RadiusView.m</string>
			<key>sourceTree</key>
			<string>&lt;group&gt;</string>
		</dict>
		<key>27D1F56318DC70CB005CD1B7</key>
		<dict>
			<key>fileRef</key>
			<string>27D1F56218DC70CB005CD1B7</string>
			<key>isa</key>
			<string>PBXBuildFile</string>
		</dict>
		<key>27D1F56418DC7DE6005CD1B7</key>
		<dict>
			<key>fileEncoding</key>
			<string>4</string>
			<key>isa</key>
			<string>PBXFileReference</string>
			<key>lastKnownFileType</key>
			<string>sourcecode.c.h</string>
			<key>path</key>
			<string>SettingsTableViewController.h</string>
			<key>sourceTree</key>
			<string>&lt;group&gt;</string>
		</dict>
		<key>27D1F56518DC7DE6005CD1B7</key>
		<dict>
			<key>fileEncoding</key>
			<string>4</string>
			<key>isa</key>
			<string>PBXFileReference</string>
			<key>lastKnownFileType</key>
			<string>sourcecode.c.objc</string>
			<key>path</key>
			<string>SettingsTableViewController.m</string>
			<key>sourceTree</key>
			<string>&lt;group&gt;</string>
		</dict>
		<key>27D1F56718DC7DE6005CD1B7</key>
		<dict>
			<key>fileRef</key>
			<string>27D1F56518DC7DE6005CD1B7</string>
			<key>isa</key>
			<string>PBXBuildFile</string>
		</dict>
		<key>27D1F56918DC7DF4005CD1B7</key>
		<dict>
			<key>children</key>
			<array>
				<string>27D1F57418DC8130005CD1B7</string>
				<string>27D1F56418DC7DE6005CD1B7</string>
				<string>27D1F56518DC7DE6005CD1B7</string>
				<string>27A1E56718FB3EDA00F2D96F</string>
				<string>27A1E56818FB3EDA00F2D96F</string>
				<string>27E833E31908029D00DC162E</string>
				<string>27E833E41908029D00DC162E</string>
			</array>
			<key>isa</key>
			<string>PBXGroup</string>
			<key>name</key>
			<string>Settings</string>
			<key>sourceTree</key>
			<string>&lt;group&gt;</string>
		</dict>
		<key>27D1F57418DC8130005CD1B7</key>
		<dict>
			<key>fileEncoding</key>
			<string>4</string>
			<key>isa</key>
			<string>PBXFileReference</string>
			<key>lastKnownFileType</key>
			<string>file.storyboard</string>
			<key>path</key>
			<string>Settings.storyboard</string>
			<key>sourceTree</key>
			<string>&lt;group&gt;</string>
		</dict>
		<key>27D1F57518DC8130005CD1B7</key>
		<dict>
			<key>fileRef</key>
			<string>27D1F57418DC8130005CD1B7</string>
			<key>isa</key>
			<string>PBXBuildFile</string>
		</dict>
		<key>27D1F57618DC8D61005CD1B7</key>
		<dict>
			<key>fileEncoding</key>
			<string>4</string>
			<key>isa</key>
			<string>PBXFileReference</string>
			<key>lastKnownFileType</key>
			<string>sourcecode.c.h</string>
			<key>path</key>
			<string>CircleImageView.h</string>
			<key>sourceTree</key>
			<string>&lt;group&gt;</string>
		</dict>
		<key>27D1F57718DC8D61005CD1B7</key>
		<dict>
			<key>fileEncoding</key>
			<string>4</string>
			<key>isa</key>
			<string>PBXFileReference</string>
			<key>lastKnownFileType</key>
			<string>sourcecode.c.objc</string>
			<key>path</key>
			<string>CircleImageView.m</string>
			<key>sourceTree</key>
			<string>&lt;group&gt;</string>
		</dict>
		<key>27D1F57818DC8D61005CD1B7</key>
		<dict>
			<key>fileRef</key>
			<string>27D1F57718DC8D61005CD1B7</string>
			<key>isa</key>
			<string>PBXBuildFile</string>
		</dict>
		<key>27E636BA18EB4E1F0032B532</key>
		<dict>
			<key>fileEncoding</key>
			<string>4</string>
			<key>isa</key>
			<string>PBXFileReference</string>
			<key>lastKnownFileType</key>
			<string>sourcecode.c.h</string>
			<key>path</key>
			<string>ComeChatViewController.h</string>
			<key>sourceTree</key>
			<string>&lt;group&gt;</string>
		</dict>
		<key>27E636BB18EB4E1F0032B532</key>
		<dict>
			<key>fileEncoding</key>
			<string>4</string>
			<key>isa</key>
			<string>PBXFileReference</string>
			<key>lastKnownFileType</key>
			<string>sourcecode.c.objc</string>
			<key>path</key>
			<string>ComeChatViewController.m</string>
			<key>sourceTree</key>
			<string>&lt;group&gt;</string>
		</dict>
		<key>27E636BC18EB4E1F0032B532</key>
		<dict>
			<key>fileRef</key>
			<string>27E636BB18EB4E1F0032B532</string>
			<key>isa</key>
			<string>PBXBuildFile</string>
		</dict>
		<key>27E636BD18EDB2270032B532</key>
		<dict>
			<key>fileEncoding</key>
			<string>4</string>
			<key>isa</key>
			<string>PBXFileReference</string>
			<key>lastKnownFileType</key>
			<string>sourcecode.c.h</string>
			<key>path</key>
			<string>PasswordResetViewController.h</string>
			<key>sourceTree</key>
			<string>&lt;group&gt;</string>
		</dict>
		<key>27E636BE18EDB2270032B532</key>
		<dict>
			<key>fileEncoding</key>
			<string>4</string>
			<key>isa</key>
			<string>PBXFileReference</string>
			<key>lastKnownFileType</key>
			<string>sourcecode.c.objc</string>
			<key>path</key>
			<string>PasswordResetViewController.m</string>
			<key>sourceTree</key>
			<string>&lt;group&gt;</string>
		</dict>
		<key>27E636BF18EDB2270032B532</key>
		<dict>
			<key>fileRef</key>
			<string>27E636BE18EDB2270032B532</string>
			<key>isa</key>
			<string>PBXBuildFile</string>
		</dict>
		<key>27E7E486191A551D00EB4523</key>
		<dict>
			<key>fileEncoding</key>
			<string>4</string>
			<key>isa</key>
			<string>PBXFileReference</string>
			<key>lastKnownFileType</key>
			<string>sourcecode.c.h</string>
			<key>path</key>
			<string>BeaconModel.h</string>
			<key>sourceTree</key>
			<string>&lt;group&gt;</string>
		</dict>
		<key>27E7E487191A551D00EB4523</key>
		<dict>
			<key>fileEncoding</key>
			<string>4</string>
			<key>isa</key>
			<string>PBXFileReference</string>
			<key>lastKnownFileType</key>
			<string>sourcecode.c.objc</string>
			<key>path</key>
			<string>BeaconModel.m</string>
			<key>sourceTree</key>
			<string>&lt;group&gt;</string>
		</dict>
		<key>27E7E488191A551D00EB4523</key>
		<dict>
			<key>fileEncoding</key>
			<string>4</string>
			<key>isa</key>
			<string>PBXFileReference</string>
			<key>lastKnownFileType</key>
			<string>sourcecode.c.h</string>
			<key>path</key>
			<string>CLBeacon+WhosAtGlue.h</string>
			<key>sourceTree</key>
			<string>&lt;group&gt;</string>
		</dict>
		<key>27E7E489191A551D00EB4523</key>
		<dict>
			<key>fileEncoding</key>
			<string>4</string>
			<key>isa</key>
			<string>PBXFileReference</string>
			<key>lastKnownFileType</key>
			<string>sourcecode.c.objc</string>
			<key>path</key>
			<string>CLBeacon+WhosAtGlue.m</string>
			<key>sourceTree</key>
			<string>&lt;group&gt;</string>
		</dict>
		<key>27E7E48A191A551D00EB4523</key>
		<dict>
			<key>fileEncoding</key>
			<string>4</string>
			<key>isa</key>
			<string>PBXFileReference</string>
			<key>lastKnownFileType</key>
			<string>sourcecode.c.h</string>
			<key>path</key>
			<string>KCSUser+Beacons.h</string>
			<key>sourceTree</key>
			<string>&lt;group&gt;</string>
		</dict>
		<key>27E7E48B191A551D00EB4523</key>
		<dict>
			<key>fileEncoding</key>
			<string>4</string>
			<key>isa</key>
			<string>PBXFileReference</string>
			<key>lastKnownFileType</key>
			<string>sourcecode.c.objc</string>
			<key>path</key>
			<string>KCSUser+Beacons.m</string>
			<key>sourceTree</key>
			<string>&lt;group&gt;</string>
		</dict>
		<key>27E7E48C191A551D00EB4523</key>
		<dict>
			<key>fileEncoding</key>
			<string>4</string>
			<key>isa</key>
			<string>PBXFileReference</string>
			<key>lastKnownFileType</key>
			<string>sourcecode.c.h</string>
			<key>path</key>
			<string>NSDictionary+WhosAtGlue.h</string>
			<key>sourceTree</key>
			<string>&lt;group&gt;</string>
		</dict>
		<key>27E7E48D191A551D00EB4523</key>
		<dict>
			<key>fileEncoding</key>
			<string>4</string>
			<key>isa</key>
			<string>PBXFileReference</string>
			<key>lastKnownFileType</key>
			<string>sourcecode.c.objc</string>
			<key>path</key>
			<string>NSDictionary+WhosAtGlue.m</string>
			<key>sourceTree</key>
			<string>&lt;group&gt;</string>
		</dict>
		<key>27E7E48E191A551D00EB4523</key>
		<dict>
			<key>fileRef</key>
			<string>27E7E487191A551D00EB4523</string>
			<key>isa</key>
			<string>PBXBuildFile</string>
		</dict>
		<key>27E7E48F191A551D00EB4523</key>
		<dict>
			<key>fileRef</key>
			<string>27E7E489191A551D00EB4523</string>
			<key>isa</key>
			<string>PBXBuildFile</string>
		</dict>
		<key>27E7E490191A551D00EB4523</key>
		<dict>
			<key>fileRef</key>
			<string>27E7E48B191A551D00EB4523</string>
			<key>isa</key>
			<string>PBXBuildFile</string>
		</dict>
		<key>27E7E491191A551D00EB4523</key>
		<dict>
			<key>fileRef</key>
			<string>27E7E48D191A551D00EB4523</string>
			<key>isa</key>
			<string>PBXBuildFile</string>
		</dict>
		<key>27E833E31908029D00DC162E</key>
		<dict>
			<key>fileEncoding</key>
			<string>4</string>
			<key>isa</key>
			<string>PBXFileReference</string>
			<key>lastKnownFileType</key>
			<string>sourcecode.c.h</string>
			<key>path</key>
			<string>LicenseTableViewController.h</string>
			<key>sourceTree</key>
			<string>&lt;group&gt;</string>
		</dict>
		<key>27E833E41908029D00DC162E</key>
		<dict>
			<key>fileEncoding</key>
			<string>4</string>
			<key>isa</key>
			<string>PBXFileReference</string>
			<key>lastKnownFileType</key>
			<string>sourcecode.c.objc</string>
			<key>path</key>
			<string>LicenseTableViewController.m</string>
			<key>sourceTree</key>
			<string>&lt;group&gt;</string>
		</dict>
		<key>27E833E51908029D00DC162E</key>
		<dict>
			<key>fileRef</key>
			<string>27E833E41908029D00DC162E</string>
			<key>isa</key>
			<string>PBXBuildFile</string>
		</dict>
		<key>27E833E6190802B600DC162E</key>
		<dict>
			<key>fileEncoding</key>
			<string>4</string>
			<key>isa</key>
			<string>PBXFileReference</string>
			<key>lastKnownFileType</key>
			<string>text</string>
			<key>name</key>
			<string>Pods-WhosAtGlue-acknowledgements.markdown</string>
			<key>path</key>
			<string>../Pods/Pods-WhosAtGlue-acknowledgements.markdown</string>
			<key>sourceTree</key>
			<string>&lt;group&gt;</string>
		</dict>
		<key>27E833E7190802B600DC162E</key>
		<dict>
			<key>fileRef</key>
			<string>27E833E6190802B600DC162E</string>
			<key>isa</key>
			<string>PBXBuildFile</string>
		</dict>
		<key>27EAD2C418D7840A00CEAF10</key>
		<dict>
			<key>fileEncoding</key>
			<string>4</string>
			<key>isa</key>
			<string>PBXFileReference</string>
			<key>lastKnownFileType</key>
			<string>file.storyboard</string>
			<key>path</key>
			<string>UserProfile.storyboard</string>
			<key>sourceTree</key>
			<string>&lt;group&gt;</string>
		</dict>
		<key>27EAD2C518D7840A00CEAF10</key>
		<dict>
			<key>fileRef</key>
			<string>27EAD2C418D7840A00CEAF10</string>
			<key>isa</key>
			<string>PBXBuildFile</string>
		</dict>
		<key>27EAD2C618D7841100CEAF10</key>
		<dict>
			<key>children</key>
			<array>
				<string>275748D118D74BA200E5D561</string>
				<string>275748D218D74BA200E5D561</string>
				<string>275748D318D74BA200E5D561</string>
				<string>274966BD18E31CC0002DDF7F</string>
				<string>274966BF18E31D0E002DDF7F</string>
				<string>274966C018E31D0E002DDF7F</string>
				<string>27E636BD18EDB2270032B532</string>
				<string>27E636BE18EDB2270032B532</string>
				<string>27EAD2C418D7840A00CEAF10</string>
				<string>27278FFF18D8B8E7006BFBF3</string>
				<string>2727900018D8B8E7006BFBF3</string>
				<string>2727900D18D8E5B8006BFBF3</string>
				<string>2727900E18D8E5B8006BFBF3</string>
			</array>
			<key>isa</key>
			<string>PBXGroup</string>
			<key>name</key>
			<string>Profile/Signin</string>
			<key>sourceTree</key>
			<string>&lt;group&gt;</string>
		</dict>
		<key>27FCAAD018E05220008C7835</key>
		<dict>
			<key>children</key>
			<array>
				<string>27C0C53C18EF4BC700D965A2</string>
				<string>27C0C53D18EF4BC700D965A2</string>
			</array>
			<key>isa</key>
			<string>PBXGroup</string>
			<key>name</key>
			<string>User Interaction</string>
			<key>sourceTree</key>
			<string>&lt;group&gt;</string>
		</dict>
		<key>2D163241A8734E498EA46E93</key>
		<dict>
			<key>includeInIndex</key>
			<string>1</string>
			<key>isa</key>
			<string>PBXFileReference</string>
			<key>lastKnownFileType</key>
			<string>text.xcconfig</string>
			<key>name</key>
			<string>Pods-WhosAtGlue.xcconfig</string>
			<key>path</key>
			<string>Pods/Pods-WhosAtGlue.xcconfig</string>
			<key>sourceTree</key>
			<string>&lt;group&gt;</string>
		</dict>
		<key>82C1F282FCAF4596B73CDC61</key>
		<dict>
			<key>buildActionMask</key>
			<string>2147483647</string>
			<key>files</key>
			<array/>
			<key>inputPaths</key>
			<array/>
			<key>isa</key>
			<string>PBXShellScriptBuildPhase</string>
			<key>name</key>
			<string>Copy Pods Resources</string>
			<key>outputPaths</key>
			<array/>
			<key>runOnlyForDeploymentPostprocessing</key>
			<string>0</string>
			<key>shellPath</key>
			<string>/bin/sh</string>
			<key>shellScript</key>
			<string>"${SRCROOT}/Pods/Pods-WhosAtGlue-resources.sh"
</string>
			<key>showEnvVarsInLog</key>
			<string>0</string>
		</dict>
		<key>8828ECD9F9EE4449994AE9AB</key>
		<dict>
			<key>explicitFileType</key>
			<string>archive.ar</string>
			<key>includeInIndex</key>
			<string>0</string>
			<key>isa</key>
			<string>PBXFileReference</string>
			<key>path</key>
			<string>libPods-WhosAtGlue.a</string>
			<key>sourceTree</key>
			<string>BUILT_PRODUCTS_DIR</string>
		</dict>
		<key>8CA82E1FA742415C932083AD</key>
		<dict>
			<key>fileRef</key>
			<string>8828ECD9F9EE4449994AE9AB</string>
			<key>isa</key>
			<string>PBXBuildFile</string>
		</dict>
	</dict>
	<key>rootObject</key>
	<string>27B5F4EB18C1191500BFF9A1</string>
</dict>
</plist>
